// !$*UTF8*$!
{
	archiveVersion = 1;
	classes = {
	};
	objectVersion = 56;
	objects = {

/* Begin PBXBuildFile section */
		0F1757372A6DFC4500617715 /* AppDelegate.m in Sources */ = {isa = PBXBuildFile; fileRef = 0F1757362A6DFC4500617715 /* AppDelegate.m */; };
		0F17573A2A6DFC4500617715 /* SceneDelegate.m in Sources */ = {isa = PBXBuildFile; fileRef = 0F1757392A6DFC4500617715 /* SceneDelegate.m */; };
		0F17573D2A6DFC4500617715 /* ViewController.m in Sources */ = {isa = PBXBuildFile; fileRef = 0F17573C2A6DFC4500617715 /* ViewController.m */; };
		0F1757402A6DFC4500617715 /* Main.storyboard in Resources */ = {isa = PBXBuildFile; fileRef = 0F17573E2A6DFC4500617715 /* Main.storyboard */; };
		0F1757422A6DFC4700617715 /* Assets.xcassets in Resources */ = {isa = PBXBuildFile; fileRef = 0F1757412A6DFC4700617715 /* Assets.xcassets */; };
		0F1757452A6DFC4700617715 /* LaunchScreen.storyboard in Resources */ = {isa = PBXBuildFile; fileRef = 0F1757432A6DFC4700617715 /* LaunchScreen.storyboard */; };
		0F1757482A6DFC4700617715 /* main.m in Sources */ = {isa = PBXBuildFile; fileRef = 0F1757472A6DFC4700617715 /* main.m */; };
		DD21F7CA34BAD34C594A3A57 /* Pods_ocis3test.framework in Frameworks */ = {isa = PBXBuildFile; fileRef = 05C1C4078499C0F1FB4755AE /* Pods_ocis3test.framework */; };
/* End PBXBuildFile section */

/* Begin PBXFileReference section */
		05C1C4078499C0F1FB4755AE /* Pods_ocis3test.framework */ = {isa = PBXFileReference; explicitFileType = wrapper.framework; includeInIndex = 0; path = Pods_ocis3test.framework; sourceTree = BUILT_PRODUCTS_DIR; };
		0F1757322A6DFC4500617715 /* ocis3test.app */ = {isa = PBXFileReference; explicitFileType = wrapper.application; includeInIndex = 0; path = ocis3test.app; sourceTree = BUILT_PRODUCTS_DIR; };
		0F1757352A6DFC4500617715 /* AppDelegate.h */ = {isa = PBXFileReference; lastKnownFileType = sourcecode.c.h; path = AppDelegate.h; sourceTree = "<group>"; };
		0F1757362A6DFC4500617715 /* AppDelegate.m */ = {isa = PBXFileReference; lastKnownFileType = sourcecode.c.objc; path = AppDelegate.m; sourceTree = "<group>"; };
		0F1757382A6DFC4500617715 /* SceneDelegate.h */ = {isa = PBXFileReference; lastKnownFileType = sourcecode.c.h; path = SceneDelegate.h; sourceTree = "<group>"; };
		0F1757392A6DFC4500617715 /* SceneDelegate.m */ = {isa = PBXFileReference; lastKnownFileType = sourcecode.c.objc; path = SceneDelegate.m; sourceTree = "<group>"; };
		0F17573B2A6DFC4500617715 /* ViewController.h */ = {isa = PBXFileReference; lastKnownFileType = sourcecode.c.h; path = ViewController.h; sourceTree = "<group>"; };
		0F17573C2A6DFC4500617715 /* ViewController.m */ = {isa = PBXFileReference; lastKnownFileType = sourcecode.c.objc; path = ViewController.m; sourceTree = "<group>"; };
		0F17573F2A6DFC4500617715 /* Base */ = {isa = PBXFileReference; lastKnownFileType = file.storyboard; name = Base; path = Base.lproj/Main.storyboard; sourceTree = "<group>"; };
		0F1757412A6DFC4700617715 /* Assets.xcassets */ = {isa = PBXFileReference; lastKnownFileType = folder.assetcatalog; path = Assets.xcassets; sourceTree = "<group>"; };
		0F1757442A6DFC4700617715 /* Base */ = {isa = PBXFileReference; lastKnownFileType = file.storyboard; name = Base; path = Base.lproj/LaunchScreen.storyboard; sourceTree = "<group>"; };
		0F1757462A6DFC4700617715 /* Info.plist */ = {isa = PBXFileReference; lastKnownFileType = text.plist.xml; path = Info.plist; sourceTree = "<group>"; };
		0F1757472A6DFC4700617715 /* main.m */ = {isa = PBXFileReference; lastKnownFileType = sourcecode.c.objc; path = main.m; sourceTree = "<group>"; };
		2D7B66E39BD6CF3D821E3B8B /* Pods-ocis3test.debug.xcconfig */ = {isa = PBXFileReference; includeInIndex = 1; lastKnownFileType = text.xcconfig; name = "Pods-ocis3test.debug.xcconfig"; path = "Target Support Files/Pods-ocis3test/Pods-ocis3test.debug.xcconfig"; sourceTree = "<group>"; };
		9B0E8477943B1B627A25590A /* Pods-ocis3test.release.xcconfig */ = {isa = PBXFileReference; includeInIndex = 1; lastKnownFileType = text.xcconfig; name = "Pods-ocis3test.release.xcconfig"; path = "Target Support Files/Pods-ocis3test/Pods-ocis3test.release.xcconfig"; sourceTree = "<group>"; };
/* End PBXFileReference section */

/* Begin PBXFrameworksBuildPhase section */
		0F17572F2A6DFC4500617715 /* Frameworks */ = {
			isa = PBXFrameworksBuildPhase;
			buildActionMask = 2147483647;
			files = (
				DD21F7CA34BAD34C594A3A57 /* Pods_ocis3test.framework in Frameworks */,
			);
			runOnlyForDeploymentPostprocessing = 0;
		};
/* End PBXFrameworksBuildPhase section */

/* Begin PBXGroup section */
		0F1757292A6DFC4500617715 = {
			isa = PBXGroup;
			children = (
				0F1757342A6DFC4500617715 /* ocis3test */,
				0F1757332A6DFC4500617715 /* Products */,
				879D2EDB6C4F4616EA719816 /* Pods */,
				1195AA39A877958ADE5F282B /* Frameworks */,
			);
			sourceTree = "<group>";
		};
		0F1757332A6DFC4500617715 /* Products */ = {
			isa = PBXGroup;
			children = (
				0F1757322A6DFC4500617715 /* ocis3test.app */,
			);
			name = Products;
			sourceTree = "<group>";
		};
		0F1757342A6DFC4500617715 /* ocis3test */ = {
			isa = PBXGroup;
			children = (
				0F1757352A6DFC4500617715 /* AppDelegate.h */,
				0F1757362A6DFC4500617715 /* AppDelegate.m */,
				0F1757382A6DFC4500617715 /* SceneDelegate.h */,
				0F1757392A6DFC4500617715 /* SceneDelegate.m */,
				0F17573B2A6DFC4500617715 /* ViewController.h */,
				0F17573C2A6DFC4500617715 /* ViewController.m */,
				0F17573E2A6DFC4500617715 /* Main.storyboard */,
				0F1757412A6DFC4700617715 /* Assets.xcassets */,
				0F1757432A6DFC4700617715 /* LaunchScreen.storyboard */,
				0F1757462A6DFC4700617715 /* Info.plist */,
				0F1757472A6DFC4700617715 /* main.m */,
			);
			path = ocis3test;
			sourceTree = "<group>";
		};
		1195AA39A877958ADE5F282B /* Frameworks */ = {
			isa = PBXGroup;
			children = (
				05C1C4078499C0F1FB4755AE /* Pods_ocis3test.framework */,
			);
			name = Frameworks;
			sourceTree = "<group>";
		};
		879D2EDB6C4F4616EA719816 /* Pods */ = {
			isa = PBXGroup;
			children = (
				2D7B66E39BD6CF3D821E3B8B /* Pods-ocis3test.debug.xcconfig */,
				9B0E8477943B1B627A25590A /* Pods-ocis3test.release.xcconfig */,
			);
			name = Pods;
			path = Pods;
			sourceTree = "<group>";
		};
/* End PBXGroup section */

/* Begin PBXNativeTarget section */
		0F1757312A6DFC4500617715 /* ocis3test */ = {
			isa = PBXNativeTarget;
			buildConfigurationList = 0F17574B2A6DFC4700617715 /* Build configuration list for PBXNativeTarget "ocis3test" */;
			buildPhases = (
				06BACAB7EE7B18E2F5282319 /* [CP] Check Pods Manifest.lock */,
				0F17572E2A6DFC4500617715 /* Sources */,
				0F17572F2A6DFC4500617715 /* Frameworks */,
				0F1757302A6DFC4500617715 /* Resources */,
				FB49487AE507DB63BAC7C3FC /* [CP] Embed Pods Frameworks */,
			);
			buildRules = (
			);
			dependencies = (
			);
			name = ocis3test;
			productName = ocis3test;
			productReference = 0F1757322A6DFC4500617715 /* ocis3test.app */;
			productType = "com.apple.product-type.application";
		};
/* End PBXNativeTarget section */

/* Begin PBXProject section */
		0F17572A2A6DFC4500617715 /* Project object */ = {
			isa = PBXProject;
			attributes = {
				BuildIndependentTargetsInParallel = 1;
				LastUpgradeCheck = 1430;
				TargetAttributes = {
					0F1757312A6DFC4500617715 = {
						CreatedOnToolsVersion = 14.3.1;
					};
				};
			};
			buildConfigurationList = 0F17572D2A6DFC4500617715 /* Build configuration list for PBXProject "ocis3test" */;
			compatibilityVersion = "Xcode 14.0";
			developmentRegion = en;
			hasScannedForEncodings = 0;
			knownRegions = (
				en,
				Base,
			);
			mainGroup = 0F1757292A6DFC4500617715;
			productRefGroup = 0F1757332A6DFC4500617715 /* Products */;
			projectDirPath = "";
			projectRoot = "";
			targets = (
				0F1757312A6DFC4500617715 /* ocis3test */,
			);
		};
/* End PBXProject section */

/* Begin PBXResourcesBuildPhase section */
		0F1757302A6DFC4500617715 /* Resources */ = {
			isa = PBXResourcesBuildPhase;
			buildActionMask = 2147483647;
			files = (
				0F1757452A6DFC4700617715 /* LaunchScreen.storyboard in Resources */,
				0F1757422A6DFC4700617715 /* Assets.xcassets in Resources */,
				0F1757402A6DFC4500617715 /* Main.storyboard in Resources */,
			);
			runOnlyForDeploymentPostprocessing = 0;
		};
/* End PBXResourcesBuildPhase section */

/* Begin PBXShellScriptBuildPhase section */
		06BACAB7EE7B18E2F5282319 /* [CP] Check Pods Manifest.lock */ = {
			isa = PBXShellScriptBuildPhase;
			buildActionMask = 2147483647;
			files = (
			);
			inputFileListPaths = (
			);
			inputPaths = (
				"${PODS_PODFILE_DIR_PATH}/Podfile.lock",
				"${PODS_ROOT}/Manifest.lock",
			);
			name = "[CP] Check Pods Manifest.lock";
			outputFileListPaths = (
			);
			outputPaths = (
				"$(DERIVED_FILE_DIR)/Pods-ocis3test-checkManifestLockResult.txt",
			);
			runOnlyForDeploymentPostprocessing = 0;
			shellPath = /bin/sh;
			shellScript = "diff \"${PODS_PODFILE_DIR_PATH}/Podfile.lock\" \"${PODS_ROOT}/Manifest.lock\" > /dev/null\nif [ $? != 0 ] ; then\n    # print error to STDERR\n    echo \"error: The sandbox is not in sync with the Podfile.lock. Run 'pod install' or update your CocoaPods installation.\" >&2\n    exit 1\nfi\n# This output is used by Xcode 'outputs' to avoid re-running this script phase.\necho \"SUCCESS\" > \"${SCRIPT_OUTPUT_FILE_0}\"\n";
			showEnvVarsInLog = 0;
		};
		FB49487AE507DB63BAC7C3FC /* [CP] Embed Pods Frameworks */ = {
			isa = PBXShellScriptBuildPhase;
			buildActionMask = 2147483647;
			files = (
			);
			inputFileListPaths = (
				"${PODS_ROOT}/Target Support Files/Pods-ocis3test/Pods-ocis3test-frameworks-${CONFIGURATION}-input-files.xcfilelist",
			);
			name = "[CP] Embed Pods Frameworks";
			outputFileListPaths = (
				"${PODS_ROOT}/Target Support Files/Pods-ocis3test/Pods-ocis3test-frameworks-${CONFIGURATION}-output-files.xcfilelist",
			);
			runOnlyForDeploymentPostprocessing = 0;
			shellPath = /bin/sh;
			shellScript = "\"${PODS_ROOT}/Target Support Files/Pods-ocis3test/Pods-ocis3test-frameworks.sh\"\n";
			showEnvVarsInLog = 0;
		};
/* End PBXShellScriptBuildPhase section */

/* Begin PBXSourcesBuildPhase section */
		0F17572E2A6DFC4500617715 /* Sources */ = {
			isa = PBXSourcesBuildPhase;
			buildActionMask = 2147483647;
			files = (
				0F17573D2A6DFC4500617715 /* ViewController.m in Sources */,
				0F1757372A6DFC4500617715 /* AppDelegate.m in Sources */,
				0F1757482A6DFC4700617715 /* main.m in Sources */,
				0F17573A2A6DFC4500617715 /* SceneDelegate.m in Sources */,
			);
			runOnlyForDeploymentPostprocessing = 0;
		};
/* End PBXSourcesBuildPhase section */

/* Begin PBXVariantGroup section */
		0F17573E2A6DFC4500617715 /* Main.storyboard */ = {
			isa = PBXVariantGroup;
			children = (
				0F17573F2A6DFC4500617715 /* Base */,
			);
			name = Main.storyboard;
			sourceTree = "<group>";
		};
		0F1757432A6DFC4700617715 /* LaunchScreen.storyboard */ = {
			isa = PBXVariantGroup;
			children = (
				0F1757442A6DFC4700617715 /* Base */,
			);
			name = LaunchScreen.storyboard;
			sourceTree = "<group>";
		};
/* End PBXVariantGroup section */

/* Begin XCBuildConfiguration section */
		0F1757492A6DFC4700617715 /* Debug */ = {
			isa = XCBuildConfiguration;
			buildSettings = {
				ALWAYS_SEARCH_USER_PATHS = NO;
				CLANG_ANALYZER_NONNULL = YES;
				CLANG_ANALYZER_NUMBER_OBJECT_CONVERSION = YES_AGGRESSIVE;
				CLANG_CXX_LANGUAGE_STANDARD = "gnu++20";
				CLANG_ENABLE_MODULES = YES;
				CLANG_ENABLE_OBJC_ARC = YES;
				CLANG_ENABLE_OBJC_WEAK = YES;
				CLANG_WARN_BLOCK_CAPTURE_AUTORELEASING = YES;
				CLANG_WARN_BOOL_CONVERSION = YES;
				CLANG_WARN_COMMA = YES;
				CLANG_WARN_CONSTANT_CONVERSION = YES;
				CLANG_WARN_DEPRECATED_OBJC_IMPLEMENTATIONS = YES;
				CLANG_WARN_DIRECT_OBJC_ISA_USAGE = YES_ERROR;
				CLANG_WARN_DOCUMENTATION_COMMENTS = YES;
				CLANG_WARN_EMPTY_BODY = YES;
				CLANG_WARN_ENUM_CONVERSION = YES;
				CLANG_WARN_INFINITE_RECURSION = YES;
				CLANG_WARN_INT_CONVERSION = YES;
				CLANG_WARN_NON_LITERAL_NULL_CONVERSION = YES;
				CLANG_WARN_OBJC_IMPLICIT_RETAIN_SELF = YES;
				CLANG_WARN_OBJC_LITERAL_CONVERSION = YES;
				CLANG_WARN_OBJC_ROOT_CLASS = YES_ERROR;
				CLANG_WARN_QUOTED_INCLUDE_IN_FRAMEWORK_HEADER = YES;
				CLANG_WARN_RANGE_LOOP_ANALYSIS = YES;
				CLANG_WARN_STRICT_PROTOTYPES = YES;
				CLANG_WARN_SUSPICIOUS_MOVE = YES;
				CLANG_WARN_UNGUARDED_AVAILABILITY = YES_AGGRESSIVE;
				CLANG_WARN_UNREACHABLE_CODE = YES;
				CLANG_WARN__DUPLICATE_METHOD_MATCH = YES;
				COPY_PHASE_STRIP = NO;
				DEBUG_INFORMATION_FORMAT = dwarf;
				ENABLE_STRICT_OBJC_MSGSEND = YES;
				ENABLE_TESTABILITY = YES;
				GCC_C_LANGUAGE_STANDARD = gnu11;
				GCC_DYNAMIC_NO_PIC = NO;
				GCC_NO_COMMON_BLOCKS = YES;
				GCC_OPTIMIZATION_LEVEL = 0;
				GCC_PREPROCESSOR_DEFINITIONS = (
					"DEBUG=1",
					"$(inherited)",
				);
				GCC_WARN_64_TO_32_BIT_CONVERSION = YES;
				GCC_WARN_ABOUT_RETURN_TYPE = YES_ERROR;
				GCC_WARN_UNDECLARED_SELECTOR = YES;
				GCC_WARN_UNINITIALIZED_AUTOS = YES_AGGRESSIVE;
				GCC_WARN_UNUSED_FUNCTION = YES;
				GCC_WARN_UNUSED_VARIABLE = YES;
				IPHONEOS_DEPLOYMENT_TARGET = 16.4;
				MTL_ENABLE_DEBUG_INFO = INCLUDE_SOURCE;
				MTL_FAST_MATH = YES;
				ONLY_ACTIVE_ARCH = YES;
				SDKROOT = iphoneos;
			};
			name = Debug;
		};
		0F17574A2A6DFC4700617715 /* Release */ = {
			isa = XCBuildConfiguration;
			buildSettings = {
				ALWAYS_SEARCH_USER_PATHS = NO;
				CLANG_ANALYZER_NONNULL = YES;
				CLANG_ANALYZER_NUMBER_OBJECT_CONVERSION = YES_AGGRESSIVE;
				CLANG_CXX_LANGUAGE_STANDARD = "gnu++20";
				CLANG_ENABLE_MODULES = YES;
				CLANG_ENABLE_OBJC_ARC = YES;
				CLANG_ENABLE_OBJC_WEAK = YES;
				CLANG_WARN_BLOCK_CAPTURE_AUTORELEASING = YES;
				CLANG_WARN_BOOL_CONVERSION = YES;
				CLANG_WARN_COMMA = YES;
				CLANG_WARN_CONSTANT_CONVERSION = YES;
				CLANG_WARN_DEPRECATED_OBJC_IMPLEMENTATIONS = YES;
				CLANG_WARN_DIRECT_OBJC_ISA_USAGE = YES_ERROR;
				CLANG_WARN_DOCUMENTATION_COMMENTS = YES;
				CLANG_WARN_EMPTY_BODY = YES;
				CLANG_WARN_ENUM_CONVERSION = YES;
				CLANG_WARN_INFINITE_RECURSION = YES;
				CLANG_WARN_INT_CONVERSION = YES;
				CLANG_WARN_NON_LITERAL_NULL_CONVERSION = YES;
				CLANG_WARN_OBJC_IMPLICIT_RETAIN_SELF = YES;
				CLANG_WARN_OBJC_LITERAL_CONVERSION = YES;
				CLANG_WARN_OBJC_ROOT_CLASS = YES_ERROR;
				CLANG_WARN_QUOTED_INCLUDE_IN_FRAMEWORK_HEADER = YES;
				CLANG_WARN_RANGE_LOOP_ANALYSIS = YES;
				CLANG_WARN_STRICT_PROTOTYPES = YES;
				CLANG_WARN_SUSPICIOUS_MOVE = YES;
				CLANG_WARN_UNGUARDED_AVAILABILITY = YES_AGGRESSIVE;
				CLANG_WARN_UNREACHABLE_CODE = YES;
				CLANG_WARN__DUPLICATE_METHOD_MATCH = YES;
				COPY_PHASE_STRIP = NO;
				DEBUG_INFORMATION_FORMAT = "dwarf-with-dsym";
				ENABLE_NS_ASSERTIONS = NO;
				ENABLE_STRICT_OBJC_MSGSEND = YES;
				GCC_C_LANGUAGE_STANDARD = gnu11;
				GCC_NO_COMMON_BLOCKS = YES;
				GCC_WARN_64_TO_32_BIT_CONVERSION = YES;
				GCC_WARN_ABOUT_RETURN_TYPE = YES_ERROR;
				GCC_WARN_UNDECLARED_SELECTOR = YES;
				GCC_WARN_UNINITIALIZED_AUTOS = YES_AGGRESSIVE;
				GCC_WARN_UNUSED_FUNCTION = YES;
				GCC_WARN_UNUSED_VARIABLE = YES;
				IPHONEOS_DEPLOYMENT_TARGET = 16.4;
				MTL_ENABLE_DEBUG_INFO = NO;
				MTL_FAST_MATH = YES;
				SDKROOT = iphoneos;
				VALIDATE_PRODUCT = YES;
			};
			name = Release;
		};
		0F17574C2A6DFC4700617715 /* Debug */ = {
			isa = XCBuildConfiguration;
			baseConfigurationReference = 2D7B66E39BD6CF3D821E3B8B /* Pods-ocis3test.debug.xcconfig */;
			buildSettings = {
				ASSETCATALOG_COMPILER_APPICON_NAME = AppIcon;
				ASSETCATALOG_COMPILER_GLOBAL_ACCENT_COLOR_NAME = AccentColor;
				CODE_SIGN_STYLE = Automatic;
				CURRENT_PROJECT_VERSION = 1;
				GENERATE_INFOPLIST_FILE = YES;
				INFOPLIST_FILE = ocis3test/Info.plist;
				INFOPLIST_KEY_UIApplicationSupportsIndirectInputEvents = YES;
				INFOPLIST_KEY_UILaunchStoryboardName = LaunchScreen;
				INFOPLIST_KEY_UIMainStoryboardFile = Main;
				INFOPLIST_KEY_UISupportedInterfaceOrientations_iPad = "UIInterfaceOrientationPortrait UIInterfaceOrientationPortraitUpsideDown UIInterfaceOrientationLandscapeLeft UIInterfaceOrientationLandscapeRight";
				INFOPLIST_KEY_UISupportedInterfaceOrientations_iPhone = "UIInterfaceOrientationPortrait UIInterfaceOrientationLandscapeLeft UIInterfaceOrientationLandscapeRight";
				IPHONEOS_DEPLOYMENT_TARGET = 11.1;
				LD_RUNPATH_SEARCH_PATHS = (
					"$(inherited)",
					"@executable_path/Frameworks",
				);
				MARKETING_VERSION = 1.0;
				PRODUCT_BUNDLE_IDENTIFIER = alextest.ocis3test;
				PRODUCT_NAME = "$(TARGET_NAME)";
				SUPPORTED_PLATFORMS = "iphoneos iphonesimulator";
				SUPPORTS_MACCATALYST = NO;
				SUPPORTS_MAC_DESIGNED_FOR_IPHONE_IPAD = NO;
				SWIFT_EMIT_LOC_STRINGS = YES;
				TARGETED_DEVICE_FAMILY = 1;
			};
			name = Debug;
		};
		0F17574D2A6DFC4700617715 /* Release */ = {
			isa = XCBuildConfiguration;
			baseConfigurationReference = 9B0E8477943B1B627A25590A /* Pods-ocis3test.release.xcconfig */;
			buildSettings = {
				ASSETCATALOG_COMPILER_APPICON_NAME = AppIcon;
				ASSETCATALOG_COMPILER_GLOBAL_ACCENT_COLOR_NAME = AccentColor;
				CODE_SIGN_STYLE = Automatic;
				CURRENT_PROJECT_VERSION = 1;
				GENERATE_INFOPLIST_FILE = YES;
				INFOPLIST_FILE = ocis3test/Info.plist;
				INFOPLIST_KEY_UIApplicationSupportsIndirectInputEvents = YES;
				INFOPLIST_KEY_UILaunchStoryboardName = LaunchScreen;
				INFOPLIST_KEY_UIMainStoryboardFile = Main;
				INFOPLIST_KEY_UISupportedInterfaceOrientations_iPad = "UIInterfaceOrientationPortrait UIInterfaceOrientationPortraitUpsideDown UIInterfaceOrientationLandscapeLeft UIInterfaceOrientationLandscapeRight";
				INFOPLIST_KEY_UISupportedInterfaceOrientations_iPhone = "UIInterfaceOrientationPortrait UIInterfaceOrientationLandscapeLeft UIInterfaceOrientationLandscapeRight";
				IPHONEOS_DEPLOYMENT_TARGET = 11.1;
				LD_RUNPATH_SEARCH_PATHS = (
					"$(inherited)",
					"@executable_path/Frameworks",
				);
				MARKETING_VERSION = 1.0;
				PRODUCT_BUNDLE_IDENTIFIER = alextest.ocis3test;
				PRODUCT_NAME = "$(TARGET_NAME)";
				SUPPORTED_PLATFORMS = "iphoneos iphonesimulator";
				SUPPORTS_MACCATALYST = NO;
				SUPPORTS_MAC_DESIGNED_FOR_IPHONE_IPAD = NO;
				SWIFT_EMIT_LOC_STRINGS = YES;
				TARGETED_DEVICE_FAMILY = 1;
			};
			name = Release;
		};
/* End XCBuildConfiguration section */

/* Begin XCConfigurationList section */
		0F17572D2A6DFC4500617715 /* Build configuration list for PBXProject "ocis3test" */ = {
			isa = XCConfigurationList;
			buildConfigurations = (
				0F1757492A6DFC4700617715 /* Debug */,
				0F17574A2A6DFC4700617715 /* Release */,
			);
			defaultConfigurationIsVisible = 0;
			defaultConfigurationName = Release;
		};
		0F17574B2A6DFC4700617715 /* Build configuration list for PBXNativeTarget "ocis3test" */ = {
			isa = XCConfigurationList;
			buildConfigurations = (
				0F17574C2A6DFC4700617715 /* Debug */,
				0F17574D2A6DFC4700617715 /* Release */,
			);
			defaultConfigurationIsVisible = 0;
			defaultConfigurationName = Release;
		};
/* End XCConfigurationList section */
	};
	rootObject = 0F17572A2A6DFC4500617715 /* Project object */;
}
